
Microsoft Visual Studio Solution File, Format Version 12.00
# Visual Studio Version 16
VisualStudioVersion = 16.0.30523.141
MinimumVisualStudioVersion = 10.0.40219.1
Project("{9A19103F-16F7-4668-BE54-9A1E7A4F7556}") = "MagicStorage", "MagicStorage.csproj", "{389B7639-2D67-407E-8203-1EB6E59FD03C}"
EndProject
Global
	GlobalSection(SolutionConfigurationPlatforms) = preSolution
		Debug|Any CPU = Debug|Any CPU
		Release|Any CPU = Release|Any CPU
	EndGlobalSection
	GlobalSection(ProjectConfigurationPlatforms) = postSolution
		{389B7639-2D67-407E-8203-1EB6E59FD03C}.Debug|Any CPU.ActiveCfg = Debug|Any CPU
		{389B7639-2D67-407E-8203-1EB6E59FD03C}.Debug|Any CPU.Build.0 = Debug|Any CPU
		{389B7639-2D67-407E-8203-1EB6E59FD03C}.Release|Any CPU.ActiveCfg = Release|Any CPU
		{389B7639-2D67-407E-8203-1EB6E59FD03C}.Release|Any CPU.Build.0 = Release|Any CPU
	EndGlobalSection
	GlobalSection(SolutionProperties) = preSolution
		HideSolutionNode = FALSE
	EndGlobalSection
	GlobalSection(ExtensibilityGlobals) = postSolution
		SolutionGuid = {31DA8F5B-F094-43AB-A2B8-1C82BC49884F}
	EndGlobalSection
EndGlobal
