
Microsoft Visual Studio Solution File, Format Version 12.00
# Visual Studio Version 16
VisualStudioVersion = 16.0.31515.178
MinimumVisualStudioVersion = 10.0.40219.1
Project("{9A19103F-16F7-4668-BE54-9A1E7A4F7556}") = "MagicStorage", "MagicStorage.csproj", "{5EDC038B-ACA1-4C07-A55A-79BFC5382EA2}"
EndProject
Global
	GlobalSection(SolutionConfigurationPlatforms) = preSolution
		Debug|Any CPU = Debug|Any CPU
		Release|Any CPU = Release|Any CPU
	EndGlobalSection
	GlobalSection(ProjectConfigurationPlatforms) = postSolution
		{5EDC038B-ACA1-4C07-A55A-79BFC5382EA2}.Debug|Any CPU.ActiveCfg = Debug|Any CPU
		{5EDC038B-ACA1-4C07-A55A-79BFC5382EA2}.Debug|Any CPU.Build.0 = Debug|Any CPU
		{5EDC038B-ACA1-4C07-A55A-79BFC5382EA2}.Release|Any CPU.ActiveCfg = Release|Any CPU
		{5EDC038B-ACA1-4C07-A55A-79BFC5382EA2}.Release|Any CPU.Build.0 = Release|Any CPU
	EndGlobalSection
	GlobalSection(SolutionProperties) = preSolution
		HideSolutionNode = FALSE
	EndGlobalSection
	GlobalSection(ExtensibilityGlobals) = postSolution
		SolutionGuid = {592ECEDC-2795-4D7B-9928-764FDF572F0B}
	EndGlobalSection
EndGlobal
